{
  "name": "dgrid-dojo2",
  "version": "1.0.0",
  "lockfileVersion": 1,
  "requires": true,
  "dependencies": {
    "dgrid": {
      "version": "1.2.1",
      "resolved": "https://registry.npmjs.org/dgrid/-/dgrid-1.2.1.tgz",
      "integrity": "sha1-11V5kId3sczPmWCQyHs1dePHNyQ="
    },
    "dijit": {
      "version": "1.13.0",
      "resolved": "https://registry.npmjs.org/dijit/-/dijit-1.13.0.tgz",
      "integrity": "sha512-trzi45atc86S37/AtgcUC4akByxpqeKfoOftXlgrTSoM136tjcgLbWUYGjFkP3hk2APTDrYOCSa8xTjhp3YPpw==",
      "requires": {
        "dojo": "1.13.0"
      }
    },
    "dojo": {
      "version": "1.13.0",
      "resolved": "https://registry.npmjs.org/dojo/-/dojo-1.13.0.tgz",
      "integrity": "sha512-mGoGvsXAbPkUrBnxCoO7m6CFH8jvWq7rAL7fP7jrhJEOyswA/bZwWdXwEH0ovs68t8S0+xOpV/3V7addYbaiAA=="
    },
    "dojo-util": {
      "version": "1.13.0",
      "resolved": "https://registry.npmjs.org/dojo-util/-/dojo-util-1.13.0.tgz",
      "integrity": "sha512-c5Vsd1T8bydfWSyLcgQK+l7k/Ln47B56P5xwxgi9htUIMckK2Ti9F8tAZjBhKhKvtvm77H4KqiuFTT6FXAnRKA==",
      "dev": true
    }
  }
}
